
Microsoft Visual Studio Solution File, Format Version 11.00
# Visual Studio 2010
Project("{FAE04EC0-301F-11D3-BF4B-00C04F79EFBC}") = "MVC.Utilities", "MVC.Utilities\MVC.Utilities.csproj", "{3C3E3FD8-F1B0-4122-9CF0-92B05F17BF8A}"
EndProject
Project("{FAE04EC0-301F-11D3-BF4B-00C04F79EFBC}") = "MVC.Utilities.Tests", "MVC.Utilities.Tests\MVC.Utilities.Tests.csproj", "{1B2163A0-EB56-4195-848F-E51534B4693F}"
EndProject
Project("{2150E333-8FDC-42A3-9474-1A3956D46DE8}") = "Solution Items", "Solution Items", "{FC1E890B-E08D-4F5A-92F9-0A5FF735CD96}"
	ProjectSection(SolutionItems) = preProject
		license.txt = license.txt
		mvc-utilities.nuspec = mvc-utilities.nuspec
		package.cmd = package.cmd
		README.textile = README.textile
	EndProjectSection
EndProject
Project("{FAE04EC0-301F-11D3-BF4B-00C04F79EFBC}") = "MVC.Utilities.Azure", "MVC.Utilities.Azure\MVC.Utilities.Azure.csproj", "{13C04254-D36B-4F36-8099-CA9C53FE74BB}"
EndProject
Global
	GlobalSection(SolutionConfigurationPlatforms) = preSolution
		Debug|Any CPU = Debug|Any CPU
		Release|Any CPU = Release|Any CPU
	EndGlobalSection
	GlobalSection(ProjectConfigurationPlatforms) = postSolution
		{3C3E3FD8-F1B0-4122-9CF0-92B05F17BF8A}.Debug|Any CPU.ActiveCfg = Debug|Any CPU
		{3C3E3FD8-F1B0-4122-9CF0-92B05F17BF8A}.Debug|Any CPU.Build.0 = Debug|Any CPU
		{3C3E3FD8-F1B0-4122-9CF0-92B05F17BF8A}.Release|Any CPU.ActiveCfg = Release|Any CPU
		{3C3E3FD8-F1B0-4122-9CF0-92B05F17BF8A}.Release|Any CPU.Build.0 = Release|Any CPU
		{1B2163A0-EB56-4195-848F-E51534B4693F}.Debug|Any CPU.ActiveCfg = Debug|Any CPU
		{1B2163A0-EB56-4195-848F-E51534B4693F}.Debug|Any CPU.Build.0 = Debug|Any CPU
		{1B2163A0-EB56-4195-848F-E51534B4693F}.Release|Any CPU.ActiveCfg = Release|Any CPU
		{1B2163A0-EB56-4195-848F-E51534B4693F}.Release|Any CPU.Build.0 = Release|Any CPU
		{13C04254-D36B-4F36-8099-CA9C53FE74BB}.Debug|Any CPU.ActiveCfg = Debug|Any CPU
		{13C04254-D36B-4F36-8099-CA9C53FE74BB}.Debug|Any CPU.Build.0 = Debug|Any CPU
		{13C04254-D36B-4F36-8099-CA9C53FE74BB}.Release|Any CPU.ActiveCfg = Release|Any CPU
		{13C04254-D36B-4F36-8099-CA9C53FE74BB}.Release|Any CPU.Build.0 = Release|Any CPU
	EndGlobalSection
	GlobalSection(SolutionProperties) = preSolution
		HideSolutionNode = FALSE
	EndGlobalSection
EndGlobal
